<?xml version="1.0" encoding="utf-8"?>
<Project ToolsVersion="4.0" xmlns="http://schemas.microsoft.com/developer/msbuild/2003">
  <ItemGroup>
    <Filter Include="Misk">
      <UniqueIdentifier>{9916897C-854D-8A0D-2E3A-70101A50060F}</UniqueIdentifier>
    </Filter>
    <Filter Include="Misk\Event">
      <UniqueIdentifier>{AA66D5F4-961E-1742-FF25-F09DEBFCB132}</UniqueIdentifier>
    </Filter>
    <Filter Include="Misk\Platform">
      <UniqueIdentifier>{0DCF2095-798F-9CCB-42CA-E548AE49E1A7}</UniqueIdentifier>
    </Filter>
  </ItemGroup>
  <ItemGroup>
    <ClInclude Include="src\Misk.h" />
    <ClInclude Include="src\Misk\Application.h">
      <Filter>Misk</Filter>
    </ClInclude>
    <ClInclude Include="src\Misk\Core.h">
      <Filter>Misk</Filter>
    </ClInclude>
    <ClInclude Include="src\Misk\EntryPoint.h">
      <Filter>Misk</Filter>
    </ClInclude>
    <ClInclude Include="src\Misk\Event\ApplicationEvent.h">
      <Filter>Misk\Event</Filter>
    </ClInclude>
    <ClInclude Include="src\Misk\Event\Event.h">
      <Filter>Misk\Event</Filter>
    </ClInclude>
    <ClInclude Include="src\Misk\Event\KeyEvent.h">
      <Filter>Misk\Event</Filter>
    </ClInclude>
    <ClInclude Include="src\Misk\Event\MouseEvent.h">
      <Filter>Misk\Event</Filter>
    </ClInclude>
    <ClInclude Include="src\Misk\Layer.h">
      <Filter>Misk</Filter>
    </ClInclude>
    <ClInclude Include="src\Misk\LayerStack.h">
      <Filter>Misk</Filter>
    </ClInclude>
    <ClInclude Include="src\Misk\Log.h">
      <Filter>Misk</Filter>
    </ClInclude>
    <ClInclude Include="src\Misk\Platform\WindowWindows.h">
      <Filter>Misk\Platform</Filter>
    </ClInclude>
    <ClInclude Include="src\Misk\Window.h">
      <Filter>Misk</Filter>
    </ClInclude>
    <ClInclude Include="src\mkpch.h" />
  </ItemGroup>
  <ItemGroup>
    <ClCompile Include="src\Misk\Application.cpp">
      <Filter>Misk</Filter>
    </ClCompile>
    <ClCompile Include="src\Misk\Layer.cpp">
      <Filter>Misk</Filter>
    </ClCompile>
    <ClCompile Include="src\Misk\LayerStack.cpp">
      <Filter>Misk</Filter>
    </ClCompile>
    <ClCompile Include="src\Misk\Log.cpp">
      <Filter>Misk</Filter>
    </ClCompile>
    <ClCompile Include="src\Misk\Platform\WIndowWindows.cpp">
      <Filter>Misk\Platform</Filter>
    </ClCompile>
    <ClCompile Include="src\mkpch.cpp" />
  </ItemGroup>
</Project>